<?xml version="1.0" encoding="UTF-8"?>
<!DOCTYPE plist PUBLIC "-//Apple//DTD PLIST 1.0//EN" "http://www.apple.com/DTDs/PropertyList-1.0.dtd">
<plist version="1.0">
<dict>
	<key>archiveVersion</key>
	<string>1</string>
	<key>classes</key>
	<dict/>
	<key>objectVersion</key>
	<string>46</string>
	<key>objects</key>
	<dict>
		<key>0749B9CE2C962A90A6A3D57E</key>
		<dict>
			<key>includeInIndex</key>
			<string>1</string>
			<key>isa</key>
			<string>PBXFileReference</string>
			<key>lastKnownFileType</key>
			<string>text.xcconfig</string>
			<key>name</key>
			<string>Pods-MJRefreshExampleTests.release.xcconfig</string>
			<key>path</key>
			<string>Pods/Target Support Files/Pods-MJRefreshExampleTests/Pods-MJRefreshExampleTests.release.xcconfig</string>
			<key>sourceTree</key>
			<string>&lt;group&gt;</string>
		</dict>
		<key>2466BF26479567DD8787FB39</key>
		<dict>
			<key>explicitFileType</key>
			<string>archive.ar</string>
			<key>includeInIndex</key>
			<string>0</string>
			<key>isa</key>
			<string>PBXFileReference</string>
			<key>path</key>
			<string>libPods-MJRefreshExample.a</string>
			<key>sourceTree</key>
			<string>BUILT_PRODUCTS_DIR</string>
		</dict>
		<key>2D4698841D0EE6A400CB8025</key>
		<dict>
			<key>fileEncoding</key>
			<string>4</string>
			<key>isa</key>
			<string>PBXFileReference</string>
			<key>lastKnownFileType</key>
			<string>sourcecode.c.h</string>
			<key>path</key>
			<string>NSBundle+MJRefresh.h</string>
			<key>sourceTree</key>
			<string>&lt;group&gt;</string>
		</dict>
		<key>2D4698851D0EE6A400CB8025</key>
		<dict>
			<key>fileEncoding</key>
			<string>4</string>
			<key>isa</key>
			<string>PBXFileReference</string>
			<key>lastKnownFileType</key>
			<string>sourcecode.c.objc</string>
			<key>path</key>
			<string>NSBundle+MJRefresh.m</string>
			<key>sourceTree</key>
			<string>&lt;group&gt;</string>
		</dict>
		<key>2D4698861D0EE6A400CB8025</key>
		<dict>
			<key>fileRef</key>
			<string>2D4698851D0EE6A400CB8025</string>
			<key>isa</key>
			<string>PBXBuildFile</string>
		</dict>
		<key>2D9BEADE1BB15F4A00AED473</key>
		<dict>
			<key>children</key>
			<array>
				<string>2D9BEADF1BB15F4A00AED473</string>
				<string>2D9BEAE01BB15F4A00AED473</string>
			</array>
			<key>isa</key>
			<string>PBXGroup</string>
			<key>path</key>
			<string>Category</string>
			<key>sourceTree</key>
			<string>&lt;group&gt;</string>
		</dict>
		<key>2D9BEADF1BB15F4A00AED473</key>
		<dict>
			<key>fileEncoding</key>
			<string>4</string>
			<key>isa</key>
			<string>PBXFileReference</string>
			<key>lastKnownFileType</key>
			<string>sourcecode.c.h</string>
			<key>path</key>
			<string>UIViewController+Example.h</string>
			<key>sourceTree</key>
			<string>&lt;group&gt;</string>
		</dict>
		<key>2D9BEAE01BB15F4A00AED473</key>
		<dict>
			<key>fileEncoding</key>
			<string>4</string>
			<key>isa</key>
			<string>PBXFileReference</string>
			<key>lastKnownFileType</key>
			<string>sourcecode.c.objc</string>
			<key>path</key>
			<string>UIViewController+Example.m</string>
			<key>sourceTree</key>
			<string>&lt;group&gt;</string>
		</dict>
		<key>2D9BEAE11BB15F4A00AED473</key>
		<dict>
			<key>children</key>
			<array>
				<string>2D9BEAE21BB15F4A00AED473</string>
				<string>2D9BEAE31BB15F4A00AED473</string>
				<string>2D9BEAE41BB15F4A00AED473</string>
				<string>2D9BEAE51BB15F4A00AED473</string>
				<string>2D9BEAE61BB15F4A00AED473</string>
				<string>2D9BEAE71BB15F4A00AED473</string>
				<string>2D9BEAE81BB15F4A00AED473</string>
				<string>2D9BEAE91BB15F4A00AED473</string>
				<string>2D9BEAEA1BB15F4A00AED473</string>
				<string>2D9BEAEB1BB15F4A00AED473</string>
				<string>2D9BEAEC1BB15F4A00AED473</string>
				<string>2D9BEAED1BB15F4A00AED473</string>
			</array>
			<key>isa</key>
			<string>PBXGroup</string>
			<key>path</key>
			<string>DIY</string>
			<key>sourceTree</key>
			<string>&lt;group&gt;</string>
		</dict>
		<key>2D9BEAE21BB15F4A00AED473</key>
		<dict>
			<key>fileEncoding</key>
			<string>4</string>
			<key>isa</key>
			<string>PBXFileReference</string>
			<key>lastKnownFileType</key>
			<string>sourcecode.c.h</string>
			<key>path</key>
			<string>MJChiBaoZiFooter.h</string>
			<key>sourceTree</key>
			<string>&lt;group&gt;</string>
		</dict>
		<key>2D9BEAE31BB15F4A00AED473</key>
		<dict>
			<key>fileEncoding</key>
			<string>4</string>
			<key>isa</key>
			<string>PBXFileReference</string>
			<key>lastKnownFileType</key>
			<string>sourcecode.c.objc</string>
			<key>path</key>
			<string>MJChiBaoZiFooter.m</string>
			<key>sourceTree</key>
			<string>&lt;group&gt;</string>
		</dict>
		<key>2D9BEAE41BB15F4A00AED473</key>
		<dict>
			<key>fileEncoding</key>
			<string>4</string>
			<key>isa</key>
			<string>PBXFileReference</string>
			<key>lastKnownFileType</key>
			<string>sourcecode.c.h</string>
			<key>path</key>
			<string>MJChiBaoZiFooter2.h</string>
			<key>sourceTree</key>
			<string>&lt;group&gt;</string>
		</dict>
		<key>2D9BEAE51BB15F4A00AED473</key>
		<dict>
			<key>fileEncoding</key>
			<string>4</string>
			<key>isa</key>
			<string>PBXFileReference</string>
			<key>lastKnownFileType</key>
			<string>sourcecode.c.objc</string>
			<key>path</key>
			<string>MJChiBaoZiFooter2.m</string>
			<key>sourceTree</key>
			<string>&lt;group&gt;</string>
		</dict>
		<key>2D9BEAE61BB15F4A00AED473</key>
		<dict>
			<key>fileEncoding</key>
			<string>4</string>
			<key>isa</key>
			<string>PBXFileReference</string>
			<key>lastKnownFileType</key>
			<string>sourcecode.c.h</string>
			<key>path</key>
			<string>MJChiBaoZiHeader.h</string>
			<key>sourceTree</key>
			<string>&lt;group&gt;</string>
		</dict>
		<key>2D9BEAE71BB15F4A00AED473</key>
		<dict>
			<key>fileEncoding</key>
			<string>4</string>
			<key>isa</key>
			<string>PBXFileReference</string>
			<key>lastKnownFileType</key>
			<string>sourcecode.c.objc</string>
			<key>path</key>
			<string>MJChiBaoZiHeader.m</string>
			<key>sourceTree</key>
			<string>&lt;group&gt;</string>
		</dict>
		<key>2D9BEAE81BB15F4A00AED473</key>
		<dict>
			<key>fileEncoding</key>
			<string>4</string>
			<key>isa</key>
			<string>PBXFileReference</string>
			<key>lastKnownFileType</key>
			<string>sourcecode.c.h</string>
			<key>path</key>
			<string>MJDIYAutoFooter.h</string>
			<key>sourceTree</key>
			<string>&lt;group&gt;</string>
		</dict>
		<key>2D9BEAE91BB15F4A00AED473</key>
		<dict>
			<key>fileEncoding</key>
			<string>4</string>
			<key>isa</key>
			<string>PBXFileReference</string>
			<key>lastKnownFileType</key>
			<string>sourcecode.c.objc</string>
			<key>path</key>
			<string>MJDIYAutoFooter.m</string>
			<key>sourceTree</key>
			<string>&lt;group&gt;</string>
		</dict>
		<key>2D9BEAEA1BB15F4A00AED473</key>
		<dict>
			<key>fileEncoding</key>
			<string>4</string>
			<key>isa</key>
			<string>PBXFileReference</string>
			<key>lastKnownFileType</key>
			<string>sourcecode.c.h</string>
			<key>path</key>
			<string>MJDIYBackFooter.h</string>
			<key>sourceTree</key>
			<string>&lt;group&gt;</string>
		</dict>
		<key>2D9BEAEB1BB15F4A00AED473</key>
		<dict>
			<key>fileEncoding</key>
			<string>4</string>
			<key>isa</key>
			<string>PBXFileReference</string>
			<key>lastKnownFileType</key>
			<string>sourcecode.c.objc</string>
			<key>path</key>
			<string>MJDIYBackFooter.m</string>
			<key>sourceTree</key>
			<string>&lt;group&gt;</string>
		</dict>
		<key>2D9BEAEC1BB15F4A00AED473</key>
		<dict>
			<key>fileEncoding</key>
			<string>4</string>
			<key>isa</key>
			<string>PBXFileReference</string>
			<key>lastKnownFileType</key>
			<string>sourcecode.c.h</string>
			<key>path</key>
			<string>MJDIYHeader.h</string>
			<key>sourceTree</key>
			<string>&lt;group&gt;</string>
		</dict>
		<key>2D9BEAED1BB15F4A00AED473</key>
		<dict>
			<key>fileEncoding</key>
			<string>4</string>
			<key>isa</key>
			<string>PBXFileReference</string>
			<key>lastKnownFileType</key>
			<string>sourcecode.c.objc</string>
			<key>path</key>
			<string>MJDIYHeader.m</string>
			<key>sourceTree</key>
			<string>&lt;group&gt;</string>
		</dict>
		<key>2D9BEAEE1BB15F4A00AED473</key>
		<dict>
			<key>children</key>
			<array>
				<string>2D9BEAEF1BB15F4A00AED473</string>
				<string>2D9BEAF01BB15F4A00AED473</string>
				<string>2D9BEAF11BB15F4A00AED473</string>
				<string>2D9BEAF21BB15F4A00AED473</string>
				<string>2D9BEAF31BB15F4A00AED473</string>
				<string>2D9BEAF41BB15F4A00AED473</string>
				<string>2D9BEAF51BB15F4A00AED473</string>
				<string>2D9BEAF61BB15F4A00AED473</string>
				<string>2D9BEAF71BB15F4A00AED473</string>
				<string>2D9BEAF81BB15F4A00AED473</string>
				<string>2D9BEAF91BB15F4A00AED473</string>
				<string>2D9BEAFA1BB15F4A00AED473</string>
			</array>
			<key>isa</key>
			<string>PBXGroup</string>
			<key>path</key>
			<string>First</string>
			<key>sourceTree</key>
			<string>&lt;group&gt;</string>
		</dict>
		<key>2D9BEAEF1BB15F4A00AED473</key>
		<dict>
			<key>fileEncoding</key>
			<string>4</string>
			<key>isa</key>
			<string>PBXFileReference</string>
			<key>lastKnownFileType</key>
			<string>sourcecode.c.h</string>
			<key>path</key>
			<string>MJExample.h</string>
			<key>sourceTree</key>
			<string>&lt;group&gt;</string>
		</dict>
		<key>2D9BEAF01BB15F4A00AED473</key>
		<dict>
			<key>fileEncoding</key>
			<string>4</string>
			<key>isa</key>
			<string>PBXFileReference</string>
			<key>lastKnownFileType</key>
			<string>sourcecode.c.objc</string>
			<key>path</key>
			<string>MJExample.m</string>
			<key>sourceTree</key>
			<string>&lt;group&gt;</string>
		</dict>
		<key>2D9BEAF11BB15F4A00AED473</key>
		<dict>
			<key>fileEncoding</key>
			<string>4</string>
			<key>isa</key>
			<string>PBXFileReference</string>
			<key>lastKnownFileType</key>
			<string>sourcecode.c.h</string>
			<key>path</key>
			<string>MJExampleViewController.h</string>
			<key>sourceTree</key>
			<string>&lt;group&gt;</string>
		</dict>
		<key>2D9BEAF21BB15F4A00AED473</key>
		<dict>
			<key>fileEncoding</key>
			<string>4</string>
			<key>isa</key>
			<string>PBXFileReference</string>
			<key>lastKnownFileType</key>
			<string>sourcecode.c.objc</string>
			<key>path</key>
			<string>MJExampleViewController.m</string>
			<key>sourceTree</key>
			<string>&lt;group&gt;</string>
		</dict>
		<key>2D9BEAF31BB15F4A00AED473</key>
		<dict>
			<key>fileEncoding</key>
			<string>4</string>
			<key>isa</key>
			<string>PBXFileReference</string>
			<key>lastKnownFileType</key>
			<string>sourcecode.c.h</string>
			<key>path</key>
			<string>MJExampleWindow.h</string>
			<key>sourceTree</key>
			<string>&lt;group&gt;</string>
		</dict>
		<key>2D9BEAF41BB15F4A00AED473</key>
		<dict>
			<key>fileEncoding</key>
			<string>4</string>
			<key>isa</key>
			<string>PBXFileReference</string>
			<key>lastKnownFileType</key>
			<string>sourcecode.c.objc</string>
			<key>path</key>
			<string>MJExampleWindow.m</string>
			<key>sourceTree</key>
			<string>&lt;group&gt;</string>
		</dict>
		<key>2D9BEAF51BB15F4A00AED473</key>
		<dict>
			<key>fileEncoding</key>
			<string>4</string>
			<key>isa</key>
			<string>PBXFileReference</string>
			<key>lastKnownFileType</key>
			<string>sourcecode.c.h</string>
			<key>path</key>
			<string>MJNavigationController.h</string>
			<key>sourceTree</key>
			<string>&lt;group&gt;</string>
		</dict>
		<key>2D9BEAF61BB15F4A00AED473</key>
		<dict>
			<key>fileEncoding</key>
			<string>4</string>
			<key>isa</key>
			<string>PBXFileReference</string>
			<key>lastKnownFileType</key>
			<string>sourcecode.c.objc</string>
			<key>path</key>
			<string>MJNavigationController.m</string>
			<key>sourceTree</key>
			<string>&lt;group&gt;</string>
		</dict>
		<key>2D9BEAF71BB15F4A00AED473</key>
		<dict>
			<key>fileEncoding</key>
			<string>4</string>
			<key>isa</key>
			<string>PBXFileReference</string>
			<key>lastKnownFileType</key>
			<string>sourcecode.c.h</string>
			<key>path</key>
			<string>MJSingleViewController.h</string>
			<key>sourceTree</key>
			<string>&lt;group&gt;</string>
		</dict>
		<key>2D9BEAF81BB15F4A00AED473</key>
		<dict>
			<key>fileEncoding</key>
			<string>4</string>
			<key>isa</key>
			<string>PBXFileReference</string>
			<key>lastKnownFileType</key>
			<string>sourcecode.c.objc</string>
			<key>path</key>
			<string>MJSingleViewController.m</string>
			<key>sourceTree</key>
			<string>&lt;group&gt;</string>
		</dict>
		<key>2D9BEAF91BB15F4A00AED473</key>
		<dict>
			<key>fileEncoding</key>
			<string>4</string>
			<key>isa</key>
			<string>PBXFileReference</string>
			<key>lastKnownFileType</key>
			<string>sourcecode.c.h</string>
			<key>path</key>
			<string>MJTempViewController.h</string>
			<key>sourceTree</key>
			<string>&lt;group&gt;</string>
		</dict>
		<key>2D9BEAFA1BB15F4A00AED473</key>
		<dict>
			<key>fileEncoding</key>
			<string>4</string>
			<key>isa</key>
			<string>PBXFileReference</string>
			<key>lastKnownFileType</key>
			<string>sourcecode.c.objc</string>
			<key>path</key>
			<string>MJTempViewController.m</string>
			<key>sourceTree</key>
			<string>&lt;group&gt;</string>
		</dict>
		<key>2D9BEAFB1BB15F4A00AED473</key>
		<dict>
			<key>children</key>
			<array>
				<string>2D9BEAFC1BB15F4A00AED473</string>
				<string>2D9BEAFD1BB15F4A00AED473</string>
			</array>
			<key>isa</key>
			<string>PBXGroup</string>
			<key>path</key>
			<string>Other</string>
			<key>sourceTree</key>
			<string>&lt;group&gt;</string>
		</dict>
		<key>2D9BEAFC1BB15F4A00AED473</key>
		<dict>
			<key>fileEncoding</key>
			<string>4</string>
			<key>isa</key>
			<string>PBXFileReference</string>
			<key>lastKnownFileType</key>
			<string>sourcecode.c.h</string>
			<key>path</key>
			<string>AppDelegate.h</string>
			<key>sourceTree</key>
			<string>&lt;group&gt;</string>
		</dict>
		<key>2D9BEAFD1BB15F4A00AED473</key>
		<dict>
			<key>fileEncoding</key>
			<string>4</string>
			<key>isa</key>
			<string>PBXFileReference</string>
			<key>lastKnownFileType</key>
			<string>sourcecode.c.objc</string>
			<key>path</key>
			<string>AppDelegate.m</string>
			<key>sourceTree</key>
			<string>&lt;group&gt;</string>
		</dict>
		<key>2D9BEAFE1BB15F4A00AED473</key>
		<dict>
			<key>children</key>
			<array>
				<string>2D9BEAFF1BB15F4A00AED473</string>
				<string>2D9BEB001BB15F4A00AED473</string>
				<string>2D9BEB011BB15F4A00AED473</string>
				<string>2D9BEB021BB15F4A00AED473</string>
				<string>2D9BEB031BB15F4A00AED473</string>
				<string>2D9BEB041BB15F4A00AED473</string>
				<string>2D9BEB051BB15F4A00AED473</string>
				<string>2D9BEB061BB15F4A00AED473</string>
				<string>2D9BEB071BB15F4A00AED473</string>
				<string>2D9BEB081BB15F4A00AED473</string>
			</array>
			<key>isa</key>
			<string>PBXGroup</string>
			<key>path</key>
			<string>Second</string>
			<key>sourceTree</key>
			<string>&lt;group&gt;</string>
		</dict>
		<key>2D9BEAFF1BB15F4A00AED473</key>
		<dict>
			<key>fileEncoding</key>
			<string>4</string>
			<key>isa</key>
			<string>PBXFileReference</string>
			<key>lastKnownFileType</key>
			<string>sourcecode.c.h</string>
			<key>path</key>
			<string>MJCollectionViewController.h</string>
			<key>sourceTree</key>
			<string>&lt;group&gt;</string>
		</dict>
		<key>2D9BEB001BB15F4A00AED473</key>
		<dict>
			<key>fileEncoding</key>
			<string>4</string>
			<key>isa</key>
			<string>PBXFileReference</string>
			<key>lastKnownFileType</key>
			<string>sourcecode.c.objc</string>
			<key>path</key>
			<string>MJCollectionViewController.m</string>
			<key>sourceTree</key>
			<string>&lt;group&gt;</string>
		</dict>
		<key>2D9BEB011BB15F4A00AED473</key>
		<dict>
			<key>fileEncoding</key>
			<string>4</string>
			<key>isa</key>
			<string>PBXFileReference</string>
			<key>lastKnownFileType</key>
			<string>sourcecode.c.h</string>
			<key>path</key>
			<string>MJTableViewController.h</string>
			<key>sourceTree</key>
			<string>&lt;group&gt;</string>
		</dict>
		<key>2D9BEB021BB15F4A00AED473</key>
		<dict>
			<key>fileEncoding</key>
			<string>4</string>
			<key>isa</key>
			<string>PBXFileReference</string>
			<key>lastKnownFileType</key>
			<string>sourcecode.c.objc</string>
			<key>path</key>
			<string>MJTableViewController.m</string>
			<key>sourceTree</key>
			<string>&lt;group&gt;</string>
		</dict>
		<key>2D9BEB031BB15F4A00AED473</key>
		<dict>
			<key>fileEncoding</key>
			<string>4</string>
			<key>isa</key>
			<string>PBXFileReference</string>
			<key>lastKnownFileType</key>
			<string>sourcecode.c.h</string>
			<key>path</key>
			<string>MJTestViewController.h</string>
			<key>sourceTree</key>
			<string>&lt;group&gt;</string>
		</dict>
		<key>2D9BEB041BB15F4A00AED473</key>
		<dict>
			<key>fileEncoding</key>
			<string>4</string>
			<key>isa</key>
			<string>PBXFileReference</string>
			<key>lastKnownFileType</key>
			<string>sourcecode.c.objc</string>
			<key>path</key>
			<string>MJTestViewController.m</string>
			<key>sourceTree</key>
			<string>&lt;group&gt;</string>
		</dict>
		<key>2D9BEB051BB15F4A00AED473</key>
		<dict>
			<key>fileEncoding</key>
			<string>4</string>
			<key>isa</key>
			<string>PBXFileReference</string>
			<key>lastKnownFileType</key>
			<string>file.xib</string>
			<key>path</key>
			<string>MJTestViewController.xib</string>
			<key>sourceTree</key>
			<string>&lt;group&gt;</string>
		</dict>
		<key>2D9BEB061BB15F4A00AED473</key>
		<dict>
			<key>fileEncoding</key>
			<string>4</string>
			<key>isa</key>
			<string>PBXFileReference</string>
			<key>lastKnownFileType</key>
			<string>sourcecode.c.h</string>
			<key>path</key>
			<string>MJWebViewViewController.h</string>
			<key>sourceTree</key>
			<string>&lt;group&gt;</string>
		</dict>
		<key>2D9BEB071BB15F4A00AED473</key>
		<dict>
			<key>fileEncoding</key>
			<string>4</string>
			<key>isa</key>
			<string>PBXFileReference</string>
			<key>lastKnownFileType</key>
			<string>sourcecode.c.objc</string>
			<key>path</key>
			<string>MJWebViewViewController.m</string>
			<key>sourceTree</key>
			<string>&lt;group&gt;</string>
		</dict>
		<key>2D9BEB081BB15F4A00AED473</key>
		<dict>
			<key>fileEncoding</key>
			<string>4</string>
			<key>isa</key>
			<string>PBXFileReference</string>
			<key>lastKnownFileType</key>
			<string>file.xib</string>
			<key>path</key>
			<string>MJWebViewViewController.xib</string>
			<key>sourceTree</key>
			<string>&lt;group&gt;</string>
		</dict>
		<key>2D9BEB091BB15F4A00AED473</key>
		<dict>
			<key>fileRef</key>
			<string>2D9BEAE01BB15F4A00AED473</string>
			<key>isa</key>
			<string>PBXBuildFile</string>
		</dict>
		<key>2D9BEB0A1BB15F4A00AED473</key>
		<dict>
			<key>fileRef</key>
			<string>2D9BEAE31BB15F4A00AED473</string>
			<key>isa</key>
			<string>PBXBuildFile</string>
		</dict>
		<key>2D9BEB0B1BB15F4A00AED473</key>
		<dict>
			<key>fileRef</key>
			<string>2D9BEAE51BB15F4A00AED473</string>
			<key>isa</key>
			<string>PBXBuildFile</string>
		</dict>
		<key>2D9BEB0C1BB15F4A00AED473</key>
		<dict>
			<key>fileRef</key>
			<string>2D9BEAE71BB15F4A00AED473</string>
			<key>isa</key>
			<string>PBXBuildFile</string>
		</dict>
		<key>2D9BEB0D1BB15F4A00AED473</key>
		<dict>
			<key>fileRef</key>
			<string>2D9BEAE91BB15F4A00AED473</string>
			<key>isa</key>
			<string>PBXBuildFile</string>
		</dict>
		<key>2D9BEB0E1BB15F4A00AED473</key>
		<dict>
			<key>fileRef</key>
			<string>2D9BEAEB1BB15F4A00AED473</string>
			<key>isa</key>
			<string>PBXBuildFile</string>
		</dict>
		<key>2D9BEB0F1BB15F4A00AED473</key>
		<dict>
			<key>fileRef</key>
			<string>2D9BEAED1BB15F4A00AED473</string>
			<key>isa</key>
			<string>PBXBuildFile</string>
		</dict>
		<key>2D9BEB101BB15F4A00AED473</key>
		<dict>
			<key>fileRef</key>
			<string>2D9BEAF01BB15F4A00AED473</string>
			<key>isa</key>
			<string>PBXBuildFile</string>
		</dict>
		<key>2D9BEB111BB15F4A00AED473</key>
		<dict>
			<key>fileRef</key>
			<string>2D9BEAF21BB15F4A00AED473</string>
			<key>isa</key>
			<string>PBXBuildFile</string>
		</dict>
		<key>2D9BEB121BB15F4A00AED473</key>
		<dict>
			<key>fileRef</key>
			<string>2D9BEAF41BB15F4A00AED473</string>
			<key>isa</key>
			<string>PBXBuildFile</string>
		</dict>
		<key>2D9BEB131BB15F4A00AED473</key>
		<dict>
			<key>fileRef</key>
			<string>2D9BEAF61BB15F4A00AED473</string>
			<key>isa</key>
			<string>PBXBuildFile</string>
		</dict>
		<key>2D9BEB141BB15F4A00AED473</key>
		<dict>
			<key>fileRef</key>
			<string>2D9BEAF81BB15F4A00AED473</string>
			<key>isa</key>
			<string>PBXBuildFile</string>
		</dict>
		<key>2D9BEB151BB15F4A00AED473</key>
		<dict>
			<key>fileRef</key>
			<string>2D9BEAFA1BB15F4A00AED473</string>
			<key>isa</key>
			<string>PBXBuildFile</string>
		</dict>
		<key>2D9BEB161BB15F4A00AED473</key>
		<dict>
			<key>fileRef</key>
			<string>2D9BEAFD1BB15F4A00AED473</string>
			<key>isa</key>
			<string>PBXBuildFile</string>
		</dict>
		<key>2D9BEB171BB15F4A00AED473</key>
		<dict>
			<key>fileRef</key>
			<string>2D9BEB001BB15F4A00AED473</string>
			<key>isa</key>
			<string>PBXBuildFile</string>
		</dict>
		<key>2D9BEB181BB15F4A00AED473</key>
		<dict>
			<key>fileRef</key>
			<string>2D9BEB021BB15F4A00AED473</string>
			<key>isa</key>
			<string>PBXBuildFile</string>
		</dict>
		<key>2D9BEB191BB15F4A00AED473</key>
		<dict>
			<key>fileRef</key>
			<string>2D9BEB041BB15F4A00AED473</string>
			<key>isa</key>
			<string>PBXBuildFile</string>
		</dict>
		<key>2D9BEB1A1BB15F4A00AED473</key>
		<dict>
			<key>fileRef</key>
			<string>2D9BEB051BB15F4A00AED473</string>
			<key>isa</key>
			<string>PBXBuildFile</string>
		</dict>
		<key>2D9BEB1B1BB15F4A00AED473</key>
		<dict>
			<key>fileRef</key>
			<string>2D9BEB071BB15F4A00AED473</string>
			<key>isa</key>
			<string>PBXBuildFile</string>
		</dict>
		<key>2D9BEB1C1BB15F4A00AED473</key>
		<dict>
			<key>fileRef</key>
			<string>2D9BEB081BB15F4A00AED473</string>
			<key>isa</key>
			<string>PBXBuildFile</string>
		</dict>
		<key>2DA7F91C1AA6B4C4005627AB</key>
		<dict>
			<key>children</key>
			<array>
				<string>2DA7F9271AA6B4C4005627AB</string>
				<string>2DA7F9411AA6B4C4005627AB</string>
				<string>2DA7F9261AA6B4C4005627AB</string>
				<string>C0296C14955F90F85589A837</string>
				<string>EB4D14F33AB4EC9B1685E573</string>
			</array>
			<key>isa</key>
			<string>PBXGroup</string>
			<key>sourceTree</key>
			<string>&lt;group&gt;</string>
		</dict>
		<key>2DA7F91D1AA6B4C4005627AB</key>
		<dict>
			<key>attributes</key>
			<dict>
				<key>CLASSPREFIX</key>
				<string>MJ</string>
				<key>LastUpgradeCheck</key>
				<string>0700</string>
				<key>ORGANIZATIONNAME</key>
				<string>&#23567;&#30721;&#21733;</string>
				<key>TargetAttributes</key>
				<dict>
					<key>2DA7F9241AA6B4C4005627AB</key>
					<dict>
						<key>CreatedOnToolsVersion</key>
						<string>6.1</string>
					</dict>
					<key>2DA7F93D1AA6B4C4005627AB</key>
					<dict>
						<key>CreatedOnToolsVersion</key>
						<string>6.1</string>
						<key>TestTargetID</key>
						<string>2DA7F9241AA6B4C4005627AB</string>
					</dict>
				</dict>
			</dict>
			<key>buildConfigurationList</key>
			<string>2DA7F9201AA6B4C4005627AB</string>
			<key>compatibilityVersion</key>
			<string>Xcode 3.2</string>
			<key>developmentRegion</key>
			<string>English</string>
			<key>hasScannedForEncodings</key>
			<string>0</string>
			<key>isa</key>
			<string>PBXProject</string>
			<key>knownRegions</key>
			<array>
				<string>en</string>
				<string>Base</string>
			</array>
			<key>mainGroup</key>
			<string>2DA7F91C1AA6B4C4005627AB</string>
			<key>productRefGroup</key>
			<string>2DA7F9261AA6B4C4005627AB</string>
			<key>projectDirPath</key>
			<string></string>
			<key>projectReferences</key>
			<array/>
			<key>projectRoot</key>
			<string></string>
			<key>targets</key>
			<array>
				<string>2DA7F9241AA6B4C4005627AB</string>
				<string>2DA7F93D1AA6B4C4005627AB</string>
			</array>
		</dict>
		<key>2DA7F9201AA6B4C4005627AB</key>
		<dict>
			<key>buildConfigurations</key>
			<array>
				<string>2DA7F9461AA6B4C4005627AB</string>
				<string>2DA7F9471AA6B4C4005627AB</string>
			</array>
			<key>defaultConfigurationIsVisible</key>
			<string>0</string>
			<key>defaultConfigurationName</key>
			<string>Release</string>
			<key>isa</key>
			<string>XCConfigurationList</string>
		</dict>
		<key>2DA7F9211AA6B4C4005627AB</key>
		<dict>
			<key>buildActionMask</key>
			<string>2147483647</string>
			<key>files</key>
			<array>
				<string>2DB2EA181BECBE6700D58F6A</string>
				<string>2D4698861D0EE6A400CB8025</string>
				<string>2DB2EA1A1BECBE6700D58F6A</string>
				<string>2D9BEB0F1BB15F4A00AED473</string>
				<string>2D9BEB181BB15F4A00AED473</string>
				<string>2DB2EA261BECBE6700D58F6A</string>
				<string>2D9BEB0A1BB15F4A00AED473</string>
				<string>2D9BEB121BB15F4A00AED473</string>
				<string>2DB2EA221BECBE6700D58F6A</string>
				<string>2D9BEB131BB15F4A00AED473</string>
				<string>2DB2EA271BECBE6700D58F6A</string>
				<string>2DB2EA1F1BECBE6700D58F6A</string>
				<string>2DB2EA1C1BECBE6700D58F6A</string>
				<string>2DB2EA231BECBE6700D58F6A</string>
				<string>2DB2EA191BECBE6700D58F6A</string>
				<string>2D9BEB0E1BB15F4A00AED473</string>
				<string>2D9BEB161BB15F4A00AED473</string>
				<string>2DB2EA291BECBE6700D58F6A</string>
				<string>2D9BEB141BB15F4A00AED473</string>
				<string>2D9BEB0D1BB15F4A00AED473</string>
				<string>2D9BEB1B1BB15F4A00AED473</string>
				<string>2DB2EA171BECBE6700D58F6A</string>
				<string>2D9BEB101BB15F4A00AED473</string>
				<string>2DB2EA201BECBE6700D58F6A</string>
				<string>2DA7F92B1AA6B4C4005627AB</string>
				<string>2DB2EA1E1BECBE6700D58F6A</string>
				<string>2DB2EA241BECBE6700D58F6A</string>
				<string>2D9BEB091BB15F4A00AED473</string>
				<string>2D9BEB111BB15F4A00AED473</string>
				<string>2DB2EA1D1BECBE6700D58F6A</string>
				<string>2D9BEB0C1BB15F4A00AED473</string>
				<string>2DB2EA1B1BECBE6700D58F6A</string>
				<string>2D9BEB191BB15F4A00AED473</string>
				<string>2DB2EA211BECBE6700D58F6A</string>
				<string>2DB2EA281BECBE6700D58F6A</string>
				<string>2D9BEB151BB15F4A00AED473</string>
				<string>2D9BEB171BB15F4A00AED473</string>
				<string>2D9BEB0B1BB15F4A00AED473</string>
			</array>
			<key>isa</key>
			<string>PBXSourcesBuildPhase</string>
			<key>runOnlyForDeploymentPostprocessing</key>
			<string>0</string>
		</dict>
		<key>2DA7F9221AA6B4C4005627AB</key>
		<dict>
			<key>buildActionMask</key>
			<string>2147483647</string>
			<key>files</key>
			<array>
				<string>399CCDC451FF1EBD493E9C48</string>
			</array>
			<key>isa</key>
			<string>PBXFrameworksBuildPhase</string>
			<key>runOnlyForDeploymentPostprocessing</key>
			<string>0</string>
		</dict>
		<key>2DA7F9231AA6B4C4005627AB</key>
		<dict>
			<key>buildActionMask</key>
			<string>2147483647</string>
			<key>files</key>
			<array>
				<string>2DA7F9341AA6B4C4005627AB</string>
				<string>2D9BEB1C1BB15F4A00AED473</string>
				<string>2DB2EA251BECBE6700D58F6A</string>
				<string>2DA7F9391AA6B4C4005627AB</string>
				<string>2D9BEB1A1BB15F4A00AED473</string>
				<string>2DA7F9361AA6B4C4005627AB</string>
			</array>
			<key>isa</key>
			<string>PBXResourcesBuildPhase</string>
			<key>runOnlyForDeploymentPostprocessing</key>
			<string>0</string>
		</dict>
		<key>2DA7F9241AA6B4C4005627AB</key>
		<dict>
			<key>buildConfigurationList</key>
			<string>2DA7F9481AA6B4C4005627AB</string>
			<key>buildPhases</key>
			<array>
				<string>60D95A871D7AA2C2AD9BFB0B</string>
				<string>2DA7F9211AA6B4C4005627AB</string>
				<string>2DA7F9221AA6B4C4005627AB</string>
				<string>2DA7F9231AA6B4C4005627AB</string>
				<string>4FC8193CD1ECED9B3856807A</string>
				<string>A120FB28562C61EE8F0217B1</string>
			</array>
			<key>buildRules</key>
			<array/>
			<key>dependencies</key>
			<array/>
			<key>isa</key>
			<string>PBXNativeTarget</string>
			<key>name</key>
			<string>MJRefreshExample</string>
			<key>productName</key>
			<string>MJRefreshExample</string>
			<key>productReference</key>
			<string>2DA7F9251AA6B4C4005627AB</string>
			<key>productType</key>
			<string>com.apple.product-type.application</string>
		</dict>
		<key>2DA7F9251AA6B4C4005627AB</key>
		<dict>
			<key>explicitFileType</key>
			<string>wrapper.application</string>
			<key>includeInIndex</key>
			<string>0</string>
			<key>isa</key>
			<string>PBXFileReference</string>
			<key>path</key>
			<string>MJRefreshExample.app</string>
			<key>sourceTree</key>
			<string>BUILT_PRODUCTS_DIR</string>
		</dict>
		<key>2DA7F9261AA6B4C4005627AB</key>
		<dict>
			<key>children</key>
			<array>
				<string>2DA7F9251AA6B4C4005627AB</string>
				<string>2DA7F93E1AA6B4C4005627AB</string>
			</array>
			<key>isa</key>
			<string>PBXGroup</string>
			<key>name</key>
			<string>Products</string>
			<key>sourceTree</key>
			<string>&lt;group&gt;</string>
		</dict>
		<key>2DA7F9271AA6B4C4005627AB</key>
		<dict>
			<key>children</key>
			<array>
				<string>2DB2E9EA1BECBE6700D58F6A</string>
				<string>2DA7F94E1AA6B51C005627AB</string>
				<string>2DA7F9281AA6B4C4005627AB</string>
			</array>
			<key>isa</key>
			<string>PBXGroup</string>
			<key>path</key>
			<string>MJRefreshExample</string>
			<key>sourceTree</key>
			<string>&lt;group&gt;</string>
		</dict>
		<key>2DA7F9281AA6B4C4005627AB</key>
		<dict>
			<key>children</key>
			<array>
				<string>2DA7F9321AA6B4C4005627AB</string>
				<string>2DA7F9351AA6B4C4005627AB</string>
				<string>2DA7F9371AA6B4C4005627AB</string>
				<string>2DA7F9291AA6B4C4005627AB</string>
				<string>2DA7F92A1AA6B4C4005627AB</string>
				<string>2DAA837B1BB1685300B62152</string>
			</array>
			<key>isa</key>
			<string>PBXGroup</string>
			<key>name</key>
			<string>Supporting Files</string>
			<key>sourceTree</key>
			<string>&lt;group&gt;</string>
		</dict>
		<key>2DA7F9291AA6B4C4005627AB</key>
		<dict>
			<key>isa</key>
			<string>PBXFileReference</string>
			<key>lastKnownFileType</key>
			<string>text.plist.xml</string>
			<key>path</key>
			<string>Info.plist</string>
			<key>sourceTree</key>
			<string>&lt;group&gt;</string>
		</dict>
		<key>2DA7F92A1AA6B4C4005627AB</key>
		<dict>
			<key>isa</key>
			<string>PBXFileReference</string>
			<key>lastKnownFileType</key>
			<string>sourcecode.c.objc</string>
			<key>path</key>
			<string>main.m</string>
			<key>sourceTree</key>
			<string>&lt;group&gt;</string>
		</dict>
		<key>2DA7F92B1AA6B4C4005627AB</key>
		<dict>
			<key>fileRef</key>
			<string>2DA7F92A1AA6B4C4005627AB</string>
			<key>isa</key>
			<string>PBXBuildFile</string>
		</dict>
		<key>2DA7F9321AA6B4C4005627AB</key>
		<dict>
			<key>children</key>
			<array>
				<string>2DA7F9331AA6B4C4005627AB</string>
			</array>
			<key>isa</key>
			<string>PBXVariantGroup</string>
			<key>name</key>
			<string>Main.storyboard</string>
			<key>sourceTree</key>
			<string>&lt;group&gt;</string>
		</dict>
		<key>2DA7F9331AA6B4C4005627AB</key>
		<dict>
			<key>isa</key>
			<string>PBXFileReference</string>
			<key>lastKnownFileType</key>
			<string>file.storyboard</string>
			<key>name</key>
			<string>Base</string>
			<key>path</key>
			<string>Base.lproj/Main.storyboard</string>
			<key>sourceTree</key>
			<string>&lt;group&gt;</string>
		</dict>
		<key>2DA7F9341AA6B4C4005627AB</key>
		<dict>
			<key>fileRef</key>
			<string>2DA7F9321AA6B4C4005627AB</string>
			<key>isa</key>
			<string>PBXBuildFile</string>
		</dict>
		<key>2DA7F9351AA6B4C4005627AB</key>
		<dict>
			<key>isa</key>
			<string>PBXFileReference</string>
			<key>lastKnownFileType</key>
			<string>folder.assetcatalog</string>
			<key>path</key>
			<string>Images.xcassets</string>
			<key>sourceTree</key>
			<string>&lt;group&gt;</string>
		</dict>
		<key>2DA7F9361AA6B4C4005627AB</key>
		<dict>
			<key>fileRef</key>
			<string>2DA7F9351AA6B4C4005627AB</string>
			<key>isa</key>
			<string>PBXBuildFile</string>
		</dict>
		<key>2DA7F9371AA6B4C4005627AB</key>
		<dict>
			<key>children</key>
			<array>
				<string>2DA7F9381AA6B4C4005627AB</string>
			</array>
			<key>isa</key>
			<string>PBXVariantGroup</string>
			<key>name</key>
			<string>LaunchScreen.xib</string>
			<key>sourceTree</key>
			<string>&lt;group&gt;</string>
		</dict>
		<key>2DA7F9381AA6B4C4005627AB</key>
		<dict>
			<key>isa</key>
			<string>PBXFileReference</string>
			<key>lastKnownFileType</key>
			<string>file.xib</string>
			<key>name</key>
			<string>Base</string>
			<key>path</key>
			<string>Base.lproj/LaunchScreen.xib</string>
			<key>sourceTree</key>
			<string>&lt;group&gt;</string>
		</dict>
		<key>2DA7F9391AA6B4C4005627AB</key>
		<dict>
			<key>fileRef</key>
			<string>2DA7F9371AA6B4C4005627AB</string>
			<key>isa</key>
			<string>PBXBuildFile</string>
		</dict>
		<key>2DA7F93A1AA6B4C4005627AB</key>
		<dict>
			<key>buildActionMask</key>
			<string>2147483647</string>
			<key>files</key>
			<array>
				<string>2DA7F9451AA6B4C4005627AB</string>
			</array>
			<key>isa</key>
			<string>PBXSourcesBuildPhase</string>
			<key>runOnlyForDeploymentPostprocessing</key>
			<string>0</string>
		</dict>
		<key>2DA7F93B1AA6B4C4005627AB</key>
		<dict>
			<key>buildActionMask</key>
			<string>2147483647</string>
			<key>files</key>
			<array>
				<string>3D9CFDD79AC2AC90D4951A99</string>
			</array>
			<key>isa</key>
			<string>PBXFrameworksBuildPhase</string>
			<key>runOnlyForDeploymentPostprocessing</key>
			<string>0</string>
		</dict>
		<key>2DA7F93C1AA6B4C4005627AB</key>
		<dict>
			<key>buildActionMask</key>
			<string>2147483647</string>
			<key>files</key>
			<array/>
			<key>isa</key>
			<string>PBXResourcesBuildPhase</string>
			<key>runOnlyForDeploymentPostprocessing</key>
			<string>0</string>
		</dict>
		<key>2DA7F93D1AA6B4C4005627AB</key>
		<dict>
			<key>buildConfigurationList</key>
			<string>2DA7F94B1AA6B4C4005627AB</string>
			<key>buildPhases</key>
			<array>
				<string>5D26235FF7CC188B935866BC</string>
				<string>2DA7F93A1AA6B4C4005627AB</string>
				<string>2DA7F93B1AA6B4C4005627AB</string>
				<string>2DA7F93C1AA6B4C4005627AB</string>
				<string>C71A555B39056D76B47AC5B6</string>
				<string>53FBB0D5E268CACB2A2FDBB7</string>
			</array>
			<key>buildRules</key>
			<array/>
			<key>dependencies</key>
			<array>
				<string>2DA7F9401AA6B4C4005627AB</string>
			</array>
			<key>isa</key>
			<string>PBXNativeTarget</string>
			<key>name</key>
			<string>MJRefreshExampleTests</string>
			<key>productName</key>
			<string>MJRefreshExampleTests</string>
			<key>productReference</key>
			<string>2DA7F93E1AA6B4C4005627AB</string>
			<key>productType</key>
			<string>com.apple.product-type.bundle.unit-test</string>
		</dict>
		<key>2DA7F93E1AA6B4C4005627AB</key>
		<dict>
			<key>explicitFileType</key>
			<string>wrapper.cfbundle</string>
			<key>includeInIndex</key>
			<string>0</string>
			<key>isa</key>
			<string>PBXFileReference</string>
			<key>path</key>
			<string>MJRefreshExampleTests.xctest</string>
			<key>sourceTree</key>
			<string>BUILT_PRODUCTS_DIR</string>
		</dict>
		<key>2DA7F93F1AA6B4C4005627AB</key>
		<dict>
			<key>containerPortal</key>
			<string>2DA7F91D1AA6B4C4005627AB</string>
			<key>isa</key>
			<string>PBXContainerItemProxy</string>
			<key>proxyType</key>
			<string>1</string>
			<key>remoteGlobalIDString</key>
			<string>2DA7F9241AA6B4C4005627AB</string>
			<key>remoteInfo</key>
			<string>MJRefreshExample</string>
		</dict>
		<key>2DA7F9401AA6B4C4005627AB</key>
		<dict>
			<key>isa</key>
			<string>PBXTargetDependency</string>
			<key>target</key>
			<string>2DA7F9241AA6B4C4005627AB</string>
			<key>targetProxy</key>
			<string>2DA7F93F1AA6B4C4005627AB</string>
		</dict>
		<key>2DA7F9411AA6B4C4005627AB</key>
		<dict>
			<key>children</key>
			<array>
				<string>2DA7F9441AA6B4C4005627AB</string>
				<string>2DA7F9421AA6B4C4005627AB</string>
			</array>
			<key>isa</key>
			<string>PBXGroup</string>
			<key>path</key>
			<string>MJRefreshExampleTests</string>
			<key>sourceTree</key>
			<string>&lt;group&gt;</string>
		</dict>
		<key>2DA7F9421AA6B4C4005627AB</key>
		<dict>
			<key>children</key>
			<array>
				<string>2DA7F9431AA6B4C4005627AB</string>
			</array>
			<key>isa</key>
			<string>PBXGroup</string>
			<key>name</key>
			<string>Supporting Files</string>
			<key>sourceTree</key>
			<string>&lt;group&gt;</string>
		</dict>
		<key>2DA7F9431AA6B4C4005627AB</key>
		<dict>
			<key>isa</key>
			<string>PBXFileReference</string>
			<key>lastKnownFileType</key>
			<string>text.plist.xml</string>
			<key>path</key>
			<string>Info.plist</string>
			<key>sourceTree</key>
			<string>&lt;group&gt;</string>
		</dict>
		<key>2DA7F9441AA6B4C4005627AB</key>
		<dict>
			<key>isa</key>
			<string>PBXFileReference</string>
			<key>lastKnownFileType</key>
			<string>sourcecode.c.objc</string>
			<key>path</key>
			<string>MJRefreshExampleTests.m</string>
			<key>sourceTree</key>
			<string>&lt;group&gt;</string>
		</dict>
		<key>2DA7F9451AA6B4C4005627AB</key>
		<dict>
			<key>fileRef</key>
			<string>2DA7F9441AA6B4C4005627AB</string>
			<key>isa</key>
			<string>PBXBuildFile</string>
		</dict>
		<key>2DA7F9461AA6B4C4005627AB</key>
		<dict>
			<key>buildSettings</key>
			<dict>
				<key>ALWAYS_SEARCH_USER_PATHS</key>
				<string>NO</string>
				<key>CLANG_CXX_LANGUAGE_STANDARD</key>
				<string>gnu++0x</string>
				<key>CLANG_CXX_LIBRARY</key>
				<string>libc++</string>
				<key>CLANG_ENABLE_MODULES</key>
				<string>YES</string>
				<key>CLANG_ENABLE_OBJC_ARC</key>
				<string>YES</string>
				<key>CLANG_WARN_BOOL_CONVERSION</key>
				<string>YES</string>
				<key>CLANG_WARN_CONSTANT_CONVERSION</key>
				<string>YES</string>
				<key>CLANG_WARN_DIRECT_OBJC_ISA_USAGE</key>
				<string>YES_ERROR</string>
				<key>CLANG_WARN_EMPTY_BODY</key>
				<string>YES</string>
				<key>CLANG_WARN_ENUM_CONVERSION</key>
				<string>YES</string>
				<key>CLANG_WARN_INT_CONVERSION</key>
				<string>YES</string>
				<key>CLANG_WARN_OBJC_ROOT_CLASS</key>
				<string>YES_ERROR</string>
				<key>CLANG_WARN_UNREACHABLE_CODE</key>
				<string>YES</string>
				<key>CLANG_WARN__DUPLICATE_METHOD_MATCH</key>
				<string>YES</string>
				<key>CODE_SIGN_IDENTITY[sdk=iphoneos*]</key>
				<string>iPhone Developer</string>
				<key>COPY_PHASE_STRIP</key>
				<string>NO</string>
				<key>ENABLE_STRICT_OBJC_MSGSEND</key>
				<string>YES</string>
				<key>ENABLE_TESTABILITY</key>
				<string>YES</string>
				<key>GCC_C_LANGUAGE_STANDARD</key>
				<string>gnu99</string>
				<key>GCC_DYNAMIC_NO_PIC</key>
				<string>NO</string>
				<key>GCC_OPTIMIZATION_LEVEL</key>
				<string>0</string>
				<key>GCC_PREPROCESSOR_DEFINITIONS</key>
				<array>
					<string>DEBUG=1</string>
					<string>$(inherited)</string>
				</array>
				<key>GCC_SYMBOLS_PRIVATE_EXTERN</key>
				<string>NO</string>
				<key>GCC_WARN_64_TO_32_BIT_CONVERSION</key>
				<string>YES</string>
				<key>GCC_WARN_ABOUT_RETURN_TYPE</key>
				<string>YES_ERROR</string>
				<key>GCC_WARN_UNDECLARED_SELECTOR</key>
				<string>YES</string>
				<key>GCC_WARN_UNINITIALIZED_AUTOS</key>
				<string>YES_AGGRESSIVE</string>
				<key>GCC_WARN_UNUSED_FUNCTION</key>
				<string>YES</string>
				<key>GCC_WARN_UNUSED_VARIABLE</key>
				<string>YES</string>
				<key>IPHONEOS_DEPLOYMENT_TARGET</key>
				<string>8.1</string>
				<key>MTL_ENABLE_DEBUG_INFO</key>
				<string>YES</string>
				<key>ONLY_ACTIVE_ARCH</key>
				<string>YES</string>
				<key>SDKROOT</key>
				<string>iphoneos</string>
				<key>TARGETED_DEVICE_FAMILY</key>
				<string>1,2</string>
			</dict>
			<key>isa</key>
			<string>XCBuildConfiguration</string>
			<key>name</key>
			<string>Debug</string>
		</dict>
		<key>2DA7F9471AA6B4C4005627AB</key>
		<dict>
			<key>buildSettings</key>
			<dict>
				<key>ALWAYS_SEARCH_USER_PATHS</key>
				<string>NO</string>
				<key>CLANG_CXX_LANGUAGE_STANDARD</key>
				<string>gnu++0x</string>
				<key>CLANG_CXX_LIBRARY</key>
				<string>libc++</string>
				<key>CLANG_ENABLE_MODULES</key>
				<string>YES</string>
				<key>CLANG_ENABLE_OBJC_ARC</key>
				<string>YES</string>
				<key>CLANG_WARN_BOOL_CONVERSION</key>
				<string>YES</string>
				<key>CLANG_WARN_CONSTANT_CONVERSION</key>
				<string>YES</string>
				<key>CLANG_WARN_DIRECT_OBJC_ISA_USAGE</key>
				<string>YES_ERROR</string>
				<key>CLANG_WARN_EMPTY_BODY</key>
				<string>YES</string>
				<key>CLANG_WARN_ENUM_CONVERSION</key>
				<string>YES</string>
				<key>CLANG_WARN_INT_CONVERSION</key>
				<string>YES</string>
				<key>CLANG_WARN_OBJC_ROOT_CLASS</key>
				<string>YES_ERROR</string>
				<key>CLANG_WARN_UNREACHABLE_CODE</key>
				<string>YES</string>
				<key>CLANG_WARN__DUPLICATE_METHOD_MATCH</key>
				<string>YES</string>
				<key>CODE_SIGN_IDENTITY[sdk=iphoneos*]</key>
				<string>iPhone Developer</string>
				<key>COPY_PHASE_STRIP</key>
				<string>YES</string>
				<key>ENABLE_NS_ASSERTIONS</key>
				<string>NO</string>
				<key>ENABLE_STRICT_OBJC_MSGSEND</key>
				<string>YES</string>
				<key>GCC_C_LANGUAGE_STANDARD</key>
				<string>gnu99</string>
				<key>GCC_WARN_64_TO_32_BIT_CONVERSION</key>
				<string>YES</string>
				<key>GCC_WARN_ABOUT_RETURN_TYPE</key>
				<string>YES_ERROR</string>
				<key>GCC_WARN_UNDECLARED_SELECTOR</key>
				<string>YES</string>
				<key>GCC_WARN_UNINITIALIZED_AUTOS</key>
				<string>YES_AGGRESSIVE</string>
				<key>GCC_WARN_UNUSED_FUNCTION</key>
				<string>YES</string>
				<key>GCC_WARN_UNUSED_VARIABLE</key>
				<string>YES</string>
				<key>IPHONEOS_DEPLOYMENT_TARGET</key>
				<string>8.1</string>
				<key>MTL_ENABLE_DEBUG_INFO</key>
				<string>NO</string>
				<key>SDKROOT</key>
				<string>iphoneos</string>
				<key>TARGETED_DEVICE_FAMILY</key>
				<string>1,2</string>
				<key>VALIDATE_PRODUCT</key>
				<string>YES</string>
			</dict>
			<key>isa</key>
			<string>XCBuildConfiguration</string>
			<key>name</key>
			<string>Release</string>
		</dict>
		<key>2DA7F9481AA6B4C4005627AB</key>
		<dict>
			<key>buildConfigurations</key>
			<array>
				<string>2DA7F9491AA6B4C4005627AB</string>
				<string>2DA7F94A1AA6B4C4005627AB</string>
			</array>
			<key>defaultConfigurationIsVisible</key>
			<string>0</string>
			<key>defaultConfigurationName</key>
			<string>Release</string>
			<key>isa</key>
			<string>XCConfigurationList</string>
		</dict>
		<key>2DA7F9491AA6B4C4005627AB</key>
		<dict>
			<key>baseConfigurationReference</key>
			<string>E60B9A48E302C535328B6F9F</string>
			<key>buildSettings</key>
			<dict>
				<key>ASSETCATALOG_COMPILER_APPICON_NAME</key>
				<string>AppIcon</string>
				<key>CODE_SIGN_IDENTITY</key>
				<string>iPhone Developer</string>
				<key>GCC_PREFIX_HEADER</key>
				<string>MJRefreshExample/PrefixHeader.pch</string>
				<key>INFOPLIST_FILE</key>
				<string>MJRefreshExample/Info.plist</string>
				<key>IPHONEOS_DEPLOYMENT_TARGET</key>
				<string>6.0</string>
				<key>LD_RUNPATH_SEARCH_PATHS</key>
				<string>$(inherited) @executable_path/Frameworks</string>
				<key>PRODUCT_BUNDLE_IDENTIFIER</key>
				<string>com.mj.$(PRODUCT_NAME:rfc1034identifier)</string>
				<key>PRODUCT_NAME</key>
				<string>$(TARGET_NAME)</string>
			</dict>
			<key>isa</key>
			<string>XCBuildConfiguration</string>
			<key>name</key>
			<string>Debug</string>
		</dict>
		<key>2DA7F94A1AA6B4C4005627AB</key>
		<dict>
			<key>baseConfigurationReference</key>
			<string>AA8171826553AF1248F7FCD4</string>
			<key>buildSettings</key>
			<dict>
				<key>ASSETCATALOG_COMPILER_APPICON_NAME</key>
				<string>AppIcon</string>
				<key>CODE_SIGN_IDENTITY</key>
				<string>iPhone Developer</string>
				<key>GCC_PREFIX_HEADER</key>
				<string>MJRefreshExample/PrefixHeader.pch</string>
				<key>INFOPLIST_FILE</key>
				<string>MJRefreshExample/Info.plist</string>
				<key>IPHONEOS_DEPLOYMENT_TARGET</key>
				<string>6.0</string>
				<key>LD_RUNPATH_SEARCH_PATHS</key>
				<string>$(inherited) @executable_path/Frameworks</string>
				<key>PRODUCT_BUNDLE_IDENTIFIER</key>
				<string>com.mj.$(PRODUCT_NAME:rfc1034identifier)</string>
				<key>PRODUCT_NAME</key>
				<string>$(TARGET_NAME)</string>
			</dict>
			<key>isa</key>
			<string>XCBuildConfiguration</string>
			<key>name</key>
			<string>Release</string>
		</dict>
		<key>2DA7F94B1AA6B4C4005627AB</key>
		<dict>
			<key>buildConfigurations</key>
			<array>
				<string>2DA7F94C1AA6B4C4005627AB</string>
				<string>2DA7F94D1AA6B4C4005627AB</string>
			</array>
			<key>defaultConfigurationIsVisible</key>
			<string>0</string>
			<key>defaultConfigurationName</key>
			<string>Release</string>
			<key>isa</key>
			<string>XCConfigurationList</string>
		</dict>
		<key>2DA7F94C1AA6B4C4005627AB</key>
		<dict>
			<key>baseConfigurationReference</key>
			<string>8527C03F7AEE585E9A08C1BD</string>
			<key>buildSettings</key>
			<dict>
				<key>BUNDLE_LOADER</key>
				<string>$(TEST_HOST)</string>
				<key>FRAMEWORK_SEARCH_PATHS</key>
				<array>
					<string>$(SDKROOT)/System/Library/Frameworks</string>
					<string>$(inherited)</string>
				</array>
				<key>GCC_PREPROCESSOR_DEFINITIONS</key>
				<array>
					<string>DEBUG=1</string>
					<string>$(inherited)</string>
				</array>
				<key>INFOPLIST_FILE</key>
				<string>MJRefreshExampleTests/Info.plist</string>
				<key>LD_RUNPATH_SEARCH_PATHS</key>
				<string>$(inherited) @executable_path/Frameworks @loader_path/Frameworks</string>
				<key>PRODUCT_BUNDLE_IDENTIFIER</key>
				<string>com.mj.$(PRODUCT_NAME:rfc1034identifier)</string>
				<key>PRODUCT_NAME</key>
				<string>$(TARGET_NAME)</string>
				<key>TEST_HOST</key>
				<string>$(BUILT_PRODUCTS_DIR)/MJRefreshExample.app/MJRefreshExample</string>
			</dict>
			<key>isa</key>
			<string>XCBuildConfiguration</string>
			<key>name</key>
			<string>Debug</string>
		</dict>
		<key>2DA7F94D1AA6B4C4005627AB</key>
		<dict>
			<key>baseConfigurationReference</key>
			<string>0749B9CE2C962A90A6A3D57E</string>
			<key>buildSettings</key>
			<dict>
				<key>BUNDLE_LOADER</key>
				<string>$(TEST_HOST)</string>
				<key>FRAMEWORK_SEARCH_PATHS</key>
				<array>
					<string>$(SDKROOT)/System/Library/Frameworks</string>
					<string>$(inherited)</string>
				</array>
				<key>INFOPLIST_FILE</key>
				<string>MJRefreshExampleTests/Info.plist</string>
				<key>LD_RUNPATH_SEARCH_PATHS</key>
				<string>$(inherited) @executable_path/Frameworks @loader_path/Frameworks</string>
				<key>PRODUCT_BUNDLE_IDENTIFIER</key>
				<string>com.mj.$(PRODUCT_NAME:rfc1034identifier)</string>
				<key>PRODUCT_NAME</key>
				<string>$(TARGET_NAME)</string>
				<key>TEST_HOST</key>
				<string>$(BUILT_PRODUCTS_DIR)/MJRefreshExample.app/MJRefreshExample</string>
			</dict>
			<key>isa</key>
			<string>XCBuildConfiguration</string>
			<key>name</key>
			<string>Release</string>
		</dict>
		<key>2DA7F94E1AA6B51C005627AB</key>
		<dict>
			<key>children</key>
			<array>
				<string>2D9BEADE1BB15F4A00AED473</string>
				<string>2D9BEAFB1BB15F4A00AED473</string>
				<string>2D9BEAE11BB15F4A00AED473</string>
				<string>2D9BEAEE1BB15F4A00AED473</string>
				<string>2D9BEAFE1BB15F4A00AED473</string>
			</array>
			<key>isa</key>
			<string>PBXGroup</string>
			<key>path</key>
			<string>Classes</string>
			<key>sourceTree</key>
			<string>&lt;group&gt;</string>
		</dict>
		<key>2DAA837B1BB1685300B62152</key>
		<dict>
			<key>isa</key>
			<string>PBXFileReference</string>
			<key>lastKnownFileType</key>
			<string>sourcecode.c.h</string>
			<key>path</key>
			<string>PrefixHeader.pch</string>
			<key>sourceTree</key>
			<string>&lt;group&gt;</string>
		</dict>
		<key>2DB2E9EA1BECBE6700D58F6A</key>
		<dict>
			<key>children</key>
			<array>
				<string>2DB2E9EB1BECBE6700D58F6A</string>
				<string>2DB2E9F61BECBE6700D58F6A</string>
				<string>2DB2EA0D1BECBE6700D58F6A</string>
				<string>2DB2EA0E1BECBE6700D58F6A</string>
				<string>2DB2EA0F1BECBE6700D58F6A</string>
				<string>2DB2EA101BECBE6700D58F6A</string>
				<string>2DB2EA111BECBE6700D58F6A</string>
				<string>2DB2EA121BECBE6700D58F6A</string>
				<string>2DB2EA131BECBE6700D58F6A</string>
				<string>2DB2EA141BECBE6700D58F6A</string>
				<string>2DB2EA151BECBE6700D58F6A</string>
				<string>2DB2EA161BECBE6700D58F6A</string>
				<string>2D4698841D0EE6A400CB8025</string>
				<string>2D4698851D0EE6A400CB8025</string>
			</array>
			<key>isa</key>
			<string>PBXGroup</string>
			<key>path</key>
			<string>MJRefresh</string>
			<key>sourceTree</key>
			<string>SOURCE_ROOT</string>
		</dict>
		<key>2DB2E9EB1BECBE6700D58F6A</key>
		<dict>
			<key>children</key>
			<array>
				<string>2DB2E9EC1BECBE6700D58F6A</string>
				<string>2DB2E9ED1BECBE6700D58F6A</string>
				<string>2DB2E9EE1BECBE6700D58F6A</string>
				<string>2DB2E9EF1BECBE6700D58F6A</string>
				<string>2DB2E9F01BECBE6700D58F6A</string>
				<string>2DB2E9F11BECBE6700D58F6A</string>
				<string>2DB2E9F21BECBE6700D58F6A</string>
				<string>2DB2E9F31BECBE6700D58F6A</string>
				<string>2DB2E9F41BECBE6700D58F6A</string>
				<string>2DB2E9F51BECBE6700D58F6A</string>
			</array>
			<key>isa</key>
			<string>PBXGroup</string>
			<key>path</key>
			<string>Base</string>
			<key>sourceTree</key>
			<string>&lt;group&gt;</string>
		</dict>
		<key>2DB2E9EC1BECBE6700D58F6A</key>
		<dict>
			<key>fileEncoding</key>
			<string>4</string>
			<key>isa</key>
			<string>PBXFileReference</string>
			<key>lastKnownFileType</key>
			<string>sourcecode.c.h</string>
			<key>path</key>
			<string>MJRefreshAutoFooter.h</string>
			<key>sourceTree</key>
			<string>&lt;group&gt;</string>
		</dict>
		<key>2DB2E9ED1BECBE6700D58F6A</key>
		<dict>
			<key>fileEncoding</key>
			<string>4</string>
			<key>isa</key>
			<string>PBXFileReference</string>
			<key>lastKnownFileType</key>
			<string>sourcecode.c.objc</string>
			<key>path</key>
			<string>MJRefreshAutoFooter.m</string>
			<key>sourceTree</key>
			<string>&lt;group&gt;</string>
		</dict>
		<key>2DB2E9EE1BECBE6700D58F6A</key>
		<dict>
			<key>fileEncoding</key>
			<string>4</string>
			<key>isa</key>
			<string>PBXFileReference</string>
			<key>lastKnownFileType</key>
			<string>sourcecode.c.h</string>
			<key>path</key>
			<string>MJRefreshBackFooter.h</string>
			<key>sourceTree</key>
			<string>&lt;group&gt;</string>
		</dict>
		<key>2DB2E9EF1BECBE6700D58F6A</key>
		<dict>
			<key>fileEncoding</key>
			<string>4</string>
			<key>isa</key>
			<string>PBXFileReference</string>
			<key>lastKnownFileType</key>
			<string>sourcecode.c.objc</string>
			<key>path</key>
			<string>MJRefreshBackFooter.m</string>
			<key>sourceTree</key>
			<string>&lt;group&gt;</string>
		</dict>
		<key>2DB2E9F01BECBE6700D58F6A</key>
		<dict>
			<key>fileEncoding</key>
			<string>4</string>
			<key>isa</key>
			<string>PBXFileReference</string>
			<key>lastKnownFileType</key>
			<string>sourcecode.c.h</string>
			<key>path</key>
			<string>MJRefreshComponent.h</string>
			<key>sourceTree</key>
			<string>&lt;group&gt;</string>
		</dict>
		<key>2DB2E9F11BECBE6700D58F6A</key>
		<dict>
			<key>fileEncoding</key>
			<string>4</string>
			<key>isa</key>
			<string>PBXFileReference</string>
			<key>lastKnownFileType</key>
			<string>sourcecode.c.objc</string>
			<key>path</key>
			<string>MJRefreshComponent.m</string>
			<key>sourceTree</key>
			<string>&lt;group&gt;</string>
		</dict>
		<key>2DB2E9F21BECBE6700D58F6A</key>
		<dict>
			<key>fileEncoding</key>
			<string>4</string>
			<key>isa</key>
			<string>PBXFileReference</string>
			<key>lastKnownFileType</key>
			<string>sourcecode.c.h</string>
			<key>path</key>
			<string>MJRefreshFooter.h</string>
			<key>sourceTree</key>
			<string>&lt;group&gt;</string>
		</dict>
		<key>2DB2E9F31BECBE6700D58F6A</key>
		<dict>
			<key>fileEncoding</key>
			<string>4</string>
			<key>isa</key>
			<string>PBXFileReference</string>
			<key>lastKnownFileType</key>
			<string>sourcecode.c.objc</string>
			<key>path</key>
			<string>MJRefreshFooter.m</string>
			<key>sourceTree</key>
			<string>&lt;group&gt;</string>
		</dict>
		<key>2DB2E9F41BECBE6700D58F6A</key>
		<dict>
			<key>fileEncoding</key>
			<string>4</string>
			<key>isa</key>
			<string>PBXFileReference</string>
			<key>lastKnownFileType</key>
			<string>sourcecode.c.h</string>
			<key>path</key>
			<string>MJRefreshHeader.h</string>
			<key>sourceTree</key>
			<string>&lt;group&gt;</string>
		</dict>
		<key>2DB2E9F51BECBE6700D58F6A</key>
		<dict>
			<key>fileEncoding</key>
			<string>4</string>
			<key>isa</key>
			<string>PBXFileReference</string>
			<key>lastKnownFileType</key>
			<string>sourcecode.c.objc</string>
			<key>path</key>
			<string>MJRefreshHeader.m</string>
			<key>sourceTree</key>
			<string>&lt;group&gt;</string>
		</dict>
		<key>2DB2E9F61BECBE6700D58F6A</key>
		<dict>
			<key>children</key>
			<array>
				<string>2DB2E9F71BECBE6700D58F6A</string>
				<string>2DB2EA061BECBE6700D58F6A</string>
			</array>
			<key>isa</key>
			<string>PBXGroup</string>
			<key>path</key>
			<string>Custom</string>
			<key>sourceTree</key>
			<string>&lt;group&gt;</string>
		</dict>
		<key>2DB2E9F71BECBE6700D58F6A</key>
		<dict>
			<key>children</key>
			<array>
				<string>2DB2E9F81BECBE6700D58F6A</string>
				<string>2DB2E9FF1BECBE6700D58F6A</string>
			</array>
			<key>isa</key>
			<string>PBXGroup</string>
			<key>path</key>
			<string>Footer</string>
			<key>sourceTree</key>
			<string>&lt;group&gt;</string>
		</dict>
		<key>2DB2E9F81BECBE6700D58F6A</key>
		<dict>
			<key>children</key>
			<array>
				<string>2DB2E9F91BECBE6700D58F6A</string>
				<string>2DB2E9FA1BECBE6700D58F6A</string>
				<string>2DB2E9FB1BECBE6700D58F6A</string>
				<string>2DB2E9FC1BECBE6700D58F6A</string>
				<string>2DB2E9FD1BECBE6700D58F6A</string>
				<string>2DB2E9FE1BECBE6700D58F6A</string>
			</array>
			<key>isa</key>
			<string>PBXGroup</string>
			<key>path</key>
			<string>Auto</string>
			<key>sourceTree</key>
			<string>&lt;group&gt;</string>
		</dict>
		<key>2DB2E9F91BECBE6700D58F6A</key>
		<dict>
			<key>fileEncoding</key>
			<string>4</string>
			<key>isa</key>
			<string>PBXFileReference</string>
			<key>lastKnownFileType</key>
			<string>sourcecode.c.h</string>
			<key>path</key>
			<string>MJRefreshAutoGifFooter.h</string>
			<key>sourceTree</key>
			<string>&lt;group&gt;</string>
		</dict>
		<key>2DB2E9FA1BECBE6700D58F6A</key>
		<dict>
			<key>fileEncoding</key>
			<string>4</string>
			<key>isa</key>
			<string>PBXFileReference</string>
			<key>lastKnownFileType</key>
			<string>sourcecode.c.objc</string>
			<key>path</key>
			<string>MJRefreshAutoGifFooter.m</string>
			<key>sourceTree</key>
			<string>&lt;group&gt;</string>
		</dict>
		<key>2DB2E9FB1BECBE6700D58F6A</key>
		<dict>
			<key>fileEncoding</key>
			<string>4</string>
			<key>isa</key>
			<string>PBXFileReference</string>
			<key>lastKnownFileType</key>
			<string>sourcecode.c.h</string>
			<key>path</key>
			<string>MJRefreshAutoNormalFooter.h</string>
			<key>sourceTree</key>
			<string>&lt;group&gt;</string>
		</dict>
		<key>2DB2E9FC1BECBE6700D58F6A</key>
		<dict>
			<key>fileEncoding</key>
			<string>4</string>
			<key>isa</key>
			<string>PBXFileReference</string>
			<key>lastKnownFileType</key>
			<string>sourcecode.c.objc</string>
			<key>path</key>
			<string>MJRefreshAutoNormalFooter.m</string>
			<key>sourceTree</key>
			<string>&lt;group&gt;</string>
		</dict>
		<key>2DB2E9FD1BECBE6700D58F6A</key>
		<dict>
			<key>fileEncoding</key>
			<string>4</string>
			<key>isa</key>
			<string>PBXFileReference</string>
			<key>lastKnownFileType</key>
			<string>sourcecode.c.h</string>
			<key>path</key>
			<string>MJRefreshAutoStateFooter.h</string>
			<key>sourceTree</key>
			<string>&lt;group&gt;</string>
		</dict>
		<key>2DB2E9FE1BECBE6700D58F6A</key>
		<dict>
			<key>fileEncoding</key>
			<string>4</string>
			<key>isa</key>
			<string>PBXFileReference</string>
			<key>lastKnownFileType</key>
			<string>sourcecode.c.objc</string>
			<key>path</key>
			<string>MJRefreshAutoStateFooter.m</string>
			<key>sourceTree</key>
			<string>&lt;group&gt;</string>
		</dict>
		<key>2DB2E9FF1BECBE6700D58F6A</key>
		<dict>
			<key>children</key>
			<array>
				<string>2DB2EA001BECBE6700D58F6A</string>
				<string>2DB2EA011BECBE6700D58F6A</string>
				<string>2DB2EA021BECBE6700D58F6A</string>
				<string>2DB2EA031BECBE6700D58F6A</string>
				<string>2DB2EA041BECBE6700D58F6A</string>
				<string>2DB2EA051BECBE6700D58F6A</string>
			</array>
			<key>isa</key>
			<string>PBXGroup</string>
			<key>path</key>
			<string>Back</string>
			<key>sourceTree</key>
			<string>&lt;group&gt;</string>
		</dict>
		<key>2DB2EA001BECBE6700D58F6A</key>
		<dict>
			<key>fileEncoding</key>
			<string>4</string>
			<key>isa</key>
			<string>PBXFileReference</string>
			<key>lastKnownFileType</key>
			<string>sourcecode.c.h</string>
			<key>path</key>
			<string>MJRefreshBackGifFooter.h</string>
			<key>sourceTree</key>
			<string>&lt;group&gt;</string>
		</dict>
		<key>2DB2EA011BECBE6700D58F6A</key>
		<dict>
			<key>fileEncoding</key>
			<string>4</string>
			<key>isa</key>
			<string>PBXFileReference</string>
			<key>lastKnownFileType</key>
			<string>sourcecode.c.objc</string>
			<key>path</key>
			<string>MJRefreshBackGifFooter.m</string>
			<key>sourceTree</key>
			<string>&lt;group&gt;</string>
		</dict>
		<key>2DB2EA021BECBE6700D58F6A</key>
		<dict>
			<key>fileEncoding</key>
			<string>4</string>
			<key>isa</key>
			<string>PBXFileReference</string>
			<key>lastKnownFileType</key>
			<string>sourcecode.c.h</string>
			<key>path</key>
			<string>MJRefreshBackNormalFooter.h</string>
			<key>sourceTree</key>
			<string>&lt;group&gt;</string>
		</dict>
		<key>2DB2EA031BECBE6700D58F6A</key>
		<dict>
			<key>fileEncoding</key>
			<string>4</string>
			<key>isa</key>
			<string>PBXFileReference</string>
			<key>lastKnownFileType</key>
			<string>sourcecode.c.objc</string>
			<key>path</key>
			<string>MJRefreshBackNormalFooter.m</string>
			<key>sourceTree</key>
			<string>&lt;group&gt;</string>
		</dict>
		<key>2DB2EA041BECBE6700D58F6A</key>
		<dict>
			<key>fileEncoding</key>
			<string>4</string>
			<key>isa</key>
			<string>PBXFileReference</string>
			<key>lastKnownFileType</key>
			<string>sourcecode.c.h</string>
			<key>path</key>
			<string>MJRefreshBackStateFooter.h</string>
			<key>sourceTree</key>
			<string>&lt;group&gt;</string>
		</dict>
		<key>2DB2EA051BECBE6700D58F6A</key>
		<dict>
			<key>fileEncoding</key>
			<string>4</string>
			<key>isa</key>
			<string>PBXFileReference</string>
			<key>lastKnownFileType</key>
			<string>sourcecode.c.objc</string>
			<key>path</key>
			<string>MJRefreshBackStateFooter.m</string>
			<key>sourceTree</key>
			<string>&lt;group&gt;</string>
		</dict>
		<key>2DB2EA061BECBE6700D58F6A</key>
		<dict>
			<key>children</key>
			<array>
				<string>2DB2EA071BECBE6700D58F6A</string>
				<string>2DB2EA081BECBE6700D58F6A</string>
				<string>2DB2EA091BECBE6700D58F6A</string>
				<string>2DB2EA0A1BECBE6700D58F6A</string>
				<string>2DB2EA0B1BECBE6700D58F6A</string>
				<string>2DB2EA0C1BECBE6700D58F6A</string>
			</array>
			<key>isa</key>
			<string>PBXGroup</string>
			<key>path</key>
			<string>Header</string>
			<key>sourceTree</key>
			<string>&lt;group&gt;</string>
		</dict>
		<key>2DB2EA071BECBE6700D58F6A</key>
		<dict>
			<key>fileEncoding</key>
			<string>4</string>
			<key>isa</key>
			<string>PBXFileReference</string>
			<key>lastKnownFileType</key>
			<string>sourcecode.c.h</string>
			<key>path</key>
			<string>MJRefreshGifHeader.h</string>
			<key>sourceTree</key>
			<string>&lt;group&gt;</string>
		</dict>
		<key>2DB2EA081BECBE6700D58F6A</key>
		<dict>
			<key>fileEncoding</key>
			<string>4</string>
			<key>isa</key>
			<string>PBXFileReference</string>
			<key>lastKnownFileType</key>
			<string>sourcecode.c.objc</string>
			<key>path</key>
			<string>MJRefreshGifHeader.m</string>
			<key>sourceTree</key>
			<string>&lt;group&gt;</string>
		</dict>
		<key>2DB2EA091BECBE6700D58F6A</key>
		<dict>
			<key>fileEncoding</key>
			<string>4</string>
			<key>isa</key>
			<string>PBXFileReference</string>
			<key>lastKnownFileType</key>
			<string>sourcecode.c.h</string>
			<key>path</key>
			<string>MJRefreshNormalHeader.h</string>
			<key>sourceTree</key>
			<string>&lt;group&gt;</string>
		</dict>
		<key>2DB2EA0A1BECBE6700D58F6A</key>
		<dict>
			<key>fileEncoding</key>
			<string>4</string>
			<key>isa</key>
			<string>PBXFileReference</string>
			<key>lastKnownFileType</key>
			<string>sourcecode.c.objc</string>
			<key>path</key>
			<string>MJRefreshNormalHeader.m</string>
			<key>sourceTree</key>
			<string>&lt;group&gt;</string>
		</dict>
		<key>2DB2EA0B1BECBE6700D58F6A</key>
		<dict>
			<key>fileEncoding</key>
			<string>4</string>
			<key>isa</key>
			<string>PBXFileReference</string>
			<key>lastKnownFileType</key>
			<string>sourcecode.c.h</string>
			<key>path</key>
			<string>MJRefreshStateHeader.h</string>
			<key>sourceTree</key>
			<string>&lt;group&gt;</string>
		</dict>
		<key>2DB2EA0C1BECBE6700D58F6A</key>
		<dict>
			<key>fileEncoding</key>
			<string>4</string>
			<key>isa</key>
			<string>PBXFileReference</string>
			<key>lastKnownFileType</key>
			<string>sourcecode.c.objc</string>
			<key>path</key>
			<string>MJRefreshStateHeader.m</string>
			<key>sourceTree</key>
			<string>&lt;group&gt;</string>
		</dict>
		<key>2DB2EA0D1BECBE6700D58F6A</key>
		<dict>
			<key>isa</key>
			<string>PBXFileReference</string>
			<key>lastKnownFileType</key>
			<string>wrapper.plug-in</string>
			<key>path</key>
			<string>MJRefresh.bundle</string>
			<key>sourceTree</key>
			<string>&lt;group&gt;</string>
		</dict>
		<key>2DB2EA0E1BECBE6700D58F6A</key>
		<dict>
			<key>fileEncoding</key>
			<string>4</string>
			<key>isa</key>
			<string>PBXFileReference</string>
			<key>lastKnownFileType</key>
			<string>sourcecode.c.h</string>
			<key>path</key>
			<string>MJRefresh.h</string>
			<key>sourceTree</key>
			<string>&lt;group&gt;</string>
		</dict>
		<key>2DB2EA0F1BECBE6700D58F6A</key>
		<dict>
			<key>fileEncoding</key>
			<string>4</string>
			<key>isa</key>
			<string>PBXFileReference</string>
			<key>lastKnownFileType</key>
			<string>sourcecode.c.h</string>
			<key>path</key>
			<string>MJRefreshConst.h</string>
			<key>sourceTree</key>
			<string>&lt;group&gt;</string>
		</dict>
		<key>2DB2EA101BECBE6700D58F6A</key>
		<dict>
			<key>fileEncoding</key>
			<string>4</string>
			<key>isa</key>
			<string>PBXFileReference</string>
			<key>lastKnownFileType</key>
			<string>sourcecode.c.objc</string>
			<key>path</key>
			<string>MJRefreshConst.m</string>
			<key>sourceTree</key>
			<string>&lt;group&gt;</string>
		</dict>
		<key>2DB2EA111BECBE6700D58F6A</key>
		<dict>
			<key>fileEncoding</key>
			<string>4</string>
			<key>isa</key>
			<string>PBXFileReference</string>
			<key>lastKnownFileType</key>
			<string>sourcecode.c.h</string>
			<key>path</key>
			<string>UIScrollView+MJExtension.h</string>
			<key>sourceTree</key>
			<string>&lt;group&gt;</string>
		</dict>
		<key>2DB2EA121BECBE6700D58F6A</key>
		<dict>
			<key>fileEncoding</key>
			<string>4</string>
			<key>isa</key>
			<string>PBXFileReference</string>
			<key>lastKnownFileType</key>
			<string>sourcecode.c.objc</string>
			<key>path</key>
			<string>UIScrollView+MJExtension.m</string>
			<key>sourceTree</key>
			<string>&lt;group&gt;</string>
		</dict>
		<key>2DB2EA131BECBE6700D58F6A</key>
		<dict>
			<key>fileEncoding</key>
			<string>4</string>
			<key>isa</key>
			<string>PBXFileReference</string>
			<key>lastKnownFileType</key>
			<string>sourcecode.c.h</string>
			<key>path</key>
			<string>UIScrollView+MJRefresh.h</string>
			<key>sourceTree</key>
			<string>&lt;group&gt;</string>
		</dict>
		<key>2DB2EA141BECBE6700D58F6A</key>
		<dict>
			<key>fileEncoding</key>
			<string>4</string>
			<key>isa</key>
			<string>PBXFileReference</string>
			<key>lastKnownFileType</key>
			<string>sourcecode.c.objc</string>
			<key>path</key>
			<string>UIScrollView+MJRefresh.m</string>
			<key>sourceTree</key>
			<string>&lt;group&gt;</string>
		</dict>
		<key>2DB2EA151BECBE6700D58F6A</key>
		<dict>
			<key>fileEncoding</key>
			<string>4</string>
			<key>isa</key>
			<string>PBXFileReference</string>
			<key>lastKnownFileType</key>
			<string>sourcecode.c.h</string>
			<key>path</key>
			<string>UIView+MJExtension.h</string>
			<key>sourceTree</key>
			<string>&lt;group&gt;</string>
		</dict>
		<key>2DB2EA161BECBE6700D58F6A</key>
		<dict>
			<key>fileEncoding</key>
			<string>4</string>
			<key>isa</key>
			<string>PBXFileReference</string>
			<key>lastKnownFileType</key>
			<string>sourcecode.c.objc</string>
			<key>path</key>
			<string>UIView+MJExtension.m</string>
			<key>sourceTree</key>
			<string>&lt;group&gt;</string>
		</dict>
		<key>2DB2EA171BECBE6700D58F6A</key>
		<dict>
			<key>fileRef</key>
			<string>2DB2E9ED1BECBE6700D58F6A</string>
			<key>isa</key>
			<string>PBXBuildFile</string>
		</dict>
		<key>2DB2EA181BECBE6700D58F6A</key>
		<dict>
			<key>fileRef</key>
			<string>2DB2E9EF1BECBE6700D58F6A</string>
			<key>isa</key>
			<string>PBXBuildFile</string>
		</dict>
		<key>2DB2EA191BECBE6700D58F6A</key>
		<dict>
			<key>fileRef</key>
			<string>2DB2E9F11BECBE6700D58F6A</string>
			<key>isa</key>
			<string>PBXBuildFile</string>
		</dict>
		<key>2DB2EA1A1BECBE6700D58F6A</key>
		<dict>
			<key>fileRef</key>
			<string>2DB2E9F31BECBE6700D58F6A</string>
			<key>isa</key>
			<string>PBXBuildFile</string>
		</dict>
		<key>2DB2EA1B1BECBE6700D58F6A</key>
		<dict>
			<key>fileRef</key>
			<string>2DB2E9F51BECBE6700D58F6A</string>
			<key>isa</key>
			<string>PBXBuildFile</string>
		</dict>
		<key>2DB2EA1C1BECBE6700D58F6A</key>
		<dict>
			<key>fileRef</key>
			<string>2DB2E9FA1BECBE6700D58F6A</string>
			<key>isa</key>
			<string>PBXBuildFile</string>
		</dict>
		<key>2DB2EA1D1BECBE6700D58F6A</key>
		<dict>
			<key>fileRef</key>
			<string>2DB2E9FC1BECBE6700D58F6A</string>
			<key>isa</key>
			<string>PBXBuildFile</string>
		</dict>
		<key>2DB2EA1E1BECBE6700D58F6A</key>
		<dict>
			<key>fileRef</key>
			<string>2DB2E9FE1BECBE6700D58F6A</string>
			<key>isa</key>
			<string>PBXBuildFile</string>
		</dict>
		<key>2DB2EA1F1BECBE6700D58F6A</key>
		<dict>
			<key>fileRef</key>
			<string>2DB2EA011BECBE6700D58F6A</string>
			<key>isa</key>
			<string>PBXBuildFile</string>
		</dict>
		<key>2DB2EA201BECBE6700D58F6A</key>
		<dict>
			<key>fileRef</key>
			<string>2DB2EA031BECBE6700D58F6A</string>
			<key>isa</key>
			<string>PBXBuildFile</string>
		</dict>
		<key>2DB2EA211BECBE6700D58F6A</key>
		<dict>
			<key>fileRef</key>
			<string>2DB2EA051BECBE6700D58F6A</string>
			<key>isa</key>
			<string>PBXBuildFile</string>
		</dict>
		<key>2DB2EA221BECBE6700D58F6A</key>
		<dict>
			<key>fileRef</key>
			<string>2DB2EA081BECBE6700D58F6A</string>
			<key>isa</key>
			<string>PBXBuildFile</string>
		</dict>
		<key>2DB2EA231BECBE6700D58F6A</key>
		<dict>
			<key>fileRef</key>
			<string>2DB2EA0A1BECBE6700D58F6A</string>
			<key>isa</key>
			<string>PBXBuildFile</string>
		</dict>
		<key>2DB2EA241BECBE6700D58F6A</key>
		<dict>
			<key>fileRef</key>
			<string>2DB2EA0C1BECBE6700D58F6A</string>
			<key>isa</key>
			<string>PBXBuildFile</string>
		</dict>
		<key>2DB2EA251BECBE6700D58F6A</key>
		<dict>
			<key>fileRef</key>
			<string>2DB2EA0D1BECBE6700D58F6A</string>
			<key>isa</key>
			<string>PBXBuildFile</string>
		</dict>
		<key>2DB2EA261BECBE6700D58F6A</key>
		<dict>
			<key>fileRef</key>
			<string>2DB2EA101BECBE6700D58F6A</string>
			<key>isa</key>
			<string>PBXBuildFile</string>
		</dict>
		<key>2DB2EA271BECBE6700D58F6A</key>
		<dict>
			<key>fileRef</key>
			<string>2DB2EA121BECBE6700D58F6A</string>
			<key>isa</key>
			<string>PBXBuildFile</string>
		</dict>
		<key>2DB2EA281BECBE6700D58F6A</key>
		<dict>
			<key>fileRef</key>
			<string>2DB2EA141BECBE6700D58F6A</string>
			<key>isa</key>
			<string>PBXBuildFile</string>
		</dict>
		<key>2DB2EA291BECBE6700D58F6A</key>
		<dict>
			<key>fileRef</key>
			<string>2DB2EA161BECBE6700D58F6A</string>
			<key>isa</key>
			<string>PBXBuildFile</string>
		</dict>
		<key>399CCDC451FF1EBD493E9C48</key>
		<dict>
			<key>fileRef</key>
			<string>2466BF26479567DD8787FB39</string>
			<key>isa</key>
			<string>PBXBuildFile</string>
		</dict>
		<key>3D9CFDD79AC2AC90D4951A99</key>
		<dict>
			<key>fileRef</key>
			<string>8BCF90AE04DE08DD954F4606</string>
			<key>isa</key>
			<string>PBXBuildFile</string>
		</dict>
		<key>4FC8193CD1ECED9B3856807A</key>
		<dict>
			<key>buildActionMask</key>
			<string>2147483647</string>
			<key>files</key>
			<array/>
			<key>inputPaths</key>
			<array/>
			<key>isa</key>
			<string>PBXShellScriptBuildPhase</string>
			<key>name</key>
			<string>[CP] Embed Pods Frameworks</string>
			<key>outputPaths</key>
			<array/>
			<key>runOnlyForDeploymentPostprocessing</key>
			<string>0</string>
			<key>shellPath</key>
			<string>/bin/sh</string>
			<key>shellScript</key>
			<string>"${SRCROOT}/Pods/Target Support Files/Pods-MJRefreshExample/Pods-MJRefreshExample-frameworks.sh"
</string>
			<key>showEnvVarsInLog</key>
			<string>0</string>
		</dict>
		<key>53FBB0D5E268CACB2A2FDBB7</key>
		<dict>
			<key>buildActionMask</key>
			<string>2147483647</string>
			<key>files</key>
			<array/>
			<key>inputPaths</key>
			<array/>
			<key>isa</key>
			<string>PBXShellScriptBuildPhase</string>
			<key>name</key>
			<string>[CP] Copy Pods Resources</string>
			<key>outputPaths</key>
			<array/>
			<key>runOnlyForDeploymentPostprocessing</key>
			<string>0</string>
			<key>shellPath</key>
			<string>/bin/sh</string>
			<key>shellScript</key>
			<string>"${SRCROOT}/Pods/Target Support Files/Pods-MJRefreshExampleTests/Pods-MJRefreshExampleTests-resources.sh"
</string>
			<key>showEnvVarsInLog</key>
			<string>0</string>
		</dict>
		<key>5D26235FF7CC188B935866BC</key>
		<dict>
			<key>buildActionMask</key>
			<string>2147483647</string>
			<key>files</key>
			<array/>
			<key>inputPaths</key>
			<array/>
			<key>isa</key>
			<string>PBXShellScriptBuildPhase</string>
			<key>name</key>
			<string>[CP] Check Pods Manifest.lock</string>
			<key>outputPaths</key>
			<array/>
			<key>runOnlyForDeploymentPostprocessing</key>
			<string>0</string>
			<key>shellPath</key>
			<string>/bin/sh</string>
			<key>shellScript</key>
			<string>diff "${PODS_ROOT}/../Podfile.lock" "${PODS_ROOT}/Manifest.lock" &gt; /dev/null
if [[ $? != 0 ]] ; then
    cat &lt;&lt; EOM
error: The sandbox is not in sync with the Podfile.lock. Run 'pod install' or update your CocoaPods installation.
EOM
    exit 1
fi
</string>
			<key>showEnvVarsInLog</key>
			<string>0</string>
		</dict>
		<key>60D95A871D7AA2C2AD9BFB0B</key>
		<dict>
			<key>buildActionMask</key>
			<string>2147483647</string>
			<key>files</key>
			<array/>
			<key>inputPaths</key>
			<array/>
			<key>isa</key>
			<string>PBXShellScriptBuildPhase</string>
			<key>name</key>
			<string>[CP] Check Pods Manifest.lock</string>
			<key>outputPaths</key>
			<array/>
			<key>runOnlyForDeploymentPostprocessing</key>
			<string>0</string>
			<key>shellPath</key>
			<string>/bin/sh</string>
			<key>shellScript</key>
			<string>diff "${PODS_ROOT}/../Podfile.lock" "${PODS_ROOT}/Manifest.lock" &gt; /dev/null
if [[ $? != 0 ]] ; then
    cat &lt;&lt; EOM
error: The sandbox is not in sync with the Podfile.lock. Run 'pod install' or update your CocoaPods installation.
EOM
    exit 1
fi
</string>
			<key>showEnvVarsInLog</key>
			<string>0</string>
		</dict>
		<key>8527C03F7AEE585E9A08C1BD</key>
		<dict>
			<key>includeInIndex</key>
			<string>1</string>
			<key>isa</key>
			<string>PBXFileReference</string>
			<key>lastKnownFileType</key>
			<string>text.xcconfig</string>
			<key>name</key>
			<string>Pods-MJRefreshExampleTests.debug.xcconfig</string>
			<key>path</key>
			<string>Pods/Target Support Files/Pods-MJRefreshExampleTests/Pods-MJRefreshExampleTests.debug.xcconfig</string>
			<key>sourceTree</key>
			<string>&lt;group&gt;</string>
		</dict>
		<key>8BCF90AE04DE08DD954F4606</key>
		<dict>
			<key>explicitFileType</key>
			<string>archive.ar</string>
			<key>includeInIndex</key>
			<string>0</string>
			<key>isa</key>
			<string>PBXFileReference</string>
			<key>path</key>
			<string>libPods-MJRefreshExampleTests.a</string>
			<key>sourceTree</key>
			<string>BUILT_PRODUCTS_DIR</string>
		</dict>
		<key>A120FB28562C61EE8F0217B1</key>
		<dict>
			<key>buildActionMask</key>
			<string>2147483647</string>
			<key>files</key>
			<array/>
			<key>inputPaths</key>
			<array/>
			<key>isa</key>
			<string>PBXShellScriptBuildPhase</string>
			<key>name</key>
			<string>[CP] Copy Pods Resources</string>
			<key>outputPaths</key>
			<array/>
			<key>runOnlyForDeploymentPostprocessing</key>
			<string>0</string>
			<key>shellPath</key>
			<string>/bin/sh</string>
			<key>shellScript</key>
			<string>"${SRCROOT}/Pods/Target Support Files/Pods-MJRefreshExample/Pods-MJRefreshExample-resources.sh"
</string>
			<key>showEnvVarsInLog</key>
			<string>0</string>
		</dict>
		<key>AA8171826553AF1248F7FCD4</key>
		<dict>
			<key>includeInIndex</key>
			<string>1</string>
			<key>isa</key>
			<string>PBXFileReference</string>
			<key>lastKnownFileType</key>
			<string>text.xcconfig</string>
			<key>name</key>
			<string>Pods-MJRefreshExample.release.xcconfig</string>
			<key>path</key>
			<string>Pods/Target Support Files/Pods-MJRefreshExample/Pods-MJRefreshExample.release.xcconfig</string>
			<key>sourceTree</key>
			<string>&lt;group&gt;</string>
		</dict>
		<key>C0296C14955F90F85589A837</key>
		<dict>
			<key>children</key>
			<array>
				<string>E60B9A48E302C535328B6F9F</string>
				<string>AA8171826553AF1248F7FCD4</string>
				<string>8527C03F7AEE585E9A08C1BD</string>
				<string>0749B9CE2C962A90A6A3D57E</string>
			</array>
			<key>isa</key>
			<string>PBXGroup</string>
			<key>name</key>
			<string>Pods</string>
			<key>sourceTree</key>
			<string>&lt;group&gt;</string>
		</dict>
		<key>C71A555B39056D76B47AC5B6</key>
		<dict>
			<key>buildActionMask</key>
			<string>2147483647</string>
			<key>files</key>
			<array/>
			<key>inputPaths</key>
			<array/>
			<key>isa</key>
			<string>PBXShellScriptBuildPhase</string>
			<key>name</key>
			<string>[CP] Embed Pods Frameworks</string>
			<key>outputPaths</key>
			<array/>
			<key>runOnlyForDeploymentPostprocessing</key>
			<string>0</string>
			<key>shellPath</key>
			<string>/bin/sh</string>
			<key>shellScript</key>
			<string>"${SRCROOT}/Pods/Target Support Files/Pods-MJRefreshExampleTests/Pods-MJRefreshExampleTests-frameworks.sh"
</string>
			<key>showEnvVarsInLog</key>
			<string>0</string>
		</dict>
		<key>E60B9A48E302C535328B6F9F</key>
		<dict>
			<key>includeInIndex</key>
			<string>1</string>
			<key>isa</key>
			<string>PBXFileReference</string>
			<key>lastKnownFileType</key>
			<string>text.xcconfig</string>
			<key>name</key>
			<string>Pods-MJRefreshExample.debug.xcconfig</string>
			<key>path</key>
			<string>Pods/Target Support Files/Pods-MJRefreshExample/Pods-MJRefreshExample.debug.xcconfig</string>
			<key>sourceTree</key>
			<string>&lt;group&gt;</string>
		</dict>
		<key>EB4D14F33AB4EC9B1685E573</key>
		<dict>
			<key>children</key>
			<array>
				<string>2466BF26479567DD8787FB39</string>
				<string>8BCF90AE04DE08DD954F4606</string>
			</array>
			<key>isa</key>
			<string>PBXGroup</string>
			<key>name</key>
			<string>Frameworks</string>
			<key>sourceTree</key>
			<string>&lt;group&gt;</string>
		</dict>
	</dict>
	<key>rootObject</key>
	<string>2DA7F91D1AA6B4C4005627AB</string>
</dict>
</plist>
